# Generated by pub
# See https://dart.dev/tools/pub/glossary#lockfile
packages:
  lintorium:
    dependency: "direct dev"
    description:
      name: lintorium
      sha256: "1c2970a1a376c90faec81d3a6f1783de2c729fae3a79298a1bde92e949b72807"
      url: "https://pub.dev"
    source: hosted
    version: "38.0.0"
  pipeliner:
    dependency: "direct main"
    description:
      path: ".."
      relative: true
    source: path
    version: "1.0.0"
sdks:
  dart: ">=3.8.0 <4.0.0"
