# Generated by pub
# See https://dart.dev/tools/pub/glossary#lockfile
packages:
  lintorium:
    dependency: "direct dev"
    description:
      name: lintorium
      sha256: fcaf2e4e5a4f8d7da423ee8ed897302e53ddb3cac2c86862fc672dc12284b6c0
      url: "https://pub.dev"
    source: hosted
    version: "310.0.0"
  pipeliner:
    dependency: "direct main"
    description:
      path: ".."
      relative: true
    source: path
    version: "1.0.0"
sdks:
  dart: ">=3.10.0 <4.0.0"
